// !$*UTF8*$!
{
	archiveVersion = 1;
	classes = {
	};
	objectVersion = 77;
	objects = {

/* Begin PBXBuildFile section */
		104943A62F83F63F008E312F /* CuratorisApp.swift in Sources */ = {isa = PBXBuildFile; fileRef = 104943992F83F63F008E312F /* CuratorisApp.swift */; };
		104943A72F83F63F008E312F /* Item.swift in Sources */ = {isa = PBXBuildFile; fileRef = 1049439B2F83F63F008E312F /* Item.swift */; };
		104943A82F83F63F008E312F /* SettingsView.swift in Sources */ = {isa = PBXBuildFile; fileRef = 1049439D2F83F63F008E312F /* SettingsView.swift */; };
		104943AA2F83F63F008E312F /* ContentView.swift in Sources */ = {isa = PBXBuildFile; fileRef = 104943982F83F63F008E312F /* ContentView.swift */; };
		104943AB2F83F63F008E312F /* MenuBarController.swift in Sources */ = {isa = PBXBuildFile; fileRef = 1049439C2F83F63F008E312F /* MenuBarController.swift */; };
		104943AC2F83F63F008E312F /* SettingsWindowController.swift in Sources */ = {isa = PBXBuildFile; fileRef = 1049439E2F83F63F008E312F /* SettingsWindowController.swift */; };
		104943AE2F83F63F008E312F /* AboutView.swift in Sources */ = {isa = PBXBuildFile; fileRef = 104943942F83F63F008E312F /* AboutView.swift */; };
		104943AF2F83F63F008E312F /* WallpaperManager.swift in Sources */ = {isa = PBXBuildFile; fileRef = 104943922F83F63F008E312F /* WallpaperManager.swift */; };
		104943B12F83F63F008E312F /* Info.plist in Resources */ = {isa = PBXBuildFile; fileRef = 1049439A2F83F63F008E312F /* Info.plist */; };
		104943B22F83F63F008E312F /* Assets.xcassets in Resources */ = {isa = PBXBuildFile; fileRef = 104943962F83F63F008E312F /* Assets.xcassets */; };
		104943B32F83F63F008E312F /* AppIcon.icon in Resources */ = {isa = PBXBuildFile; fileRef = 104943952F83F63F008E312F /* AppIcon.icon */; };
		104943B52F83F63F008E312F /* Info.plist in Resources */ = {isa = PBXBuildFile; fileRef = 1049439A2F83F63F008E312F /* Info.plist */; };
		104943B62F83F63F008E312F /* Assets.xcassets in Resources */ = {isa = PBXBuildFile; fileRef = 104943962F83F63F008E312F /* Assets.xcassets */; };
		104943B72F83F63F008E312F /* AppIcon.icon in Resources */ = {isa = PBXBuildFile; fileRef = 104943952F83F63F008E312F /* AppIcon.icon */; };
		104943B92F83F63F008E312F /* CuratorisApp.swift in Sources */ = {isa = PBXBuildFile; fileRef = 104943992F83F63F008E312F /* CuratorisApp.swift */; };
		104943BA2F83F63F008E312F /* Item.swift in Sources */ = {isa = PBXBuildFile; fileRef = 1049439B2F83F63F008E312F /* Item.swift */; };
		104943BB2F83F63F008E312F /* SettingsView.swift in Sources */ = {isa = PBXBuildFile; fileRef = 1049439D2F83F63F008E312F /* SettingsView.swift */; };
		104943BD2F83F63F008E312F /* ContentView.swift in Sources */ = {isa = PBXBuildFile; fileRef = 104943982F83F63F008E312F /* ContentView.swift */; };
		104943BE2F83F63F008E312F /* MenuBarController.swift in Sources */ = {isa = PBXBuildFile; fileRef = 1049439C2F83F63F008E312F /* MenuBarController.swift */; };
		104943BF2F83F63F008E312F /* SettingsWindowController.swift in Sources */ = {isa = PBXBuildFile; fileRef = 1049439E2F83F63F008E312F /* SettingsWindowController.swift */; };
		104943C12F83F63F008E312F /* AboutView.swift in Sources */ = {isa = PBXBuildFile; fileRef = 104943942F83F63F008E312F /* AboutView.swift */; };
		104943C22F83F63F008E312F /* WallpaperManager.swift in Sources */ = {isa = PBXBuildFile; fileRef = 104943922F83F63F008E312F /* WallpaperManager.swift */; };
		104943C42F83F63F008E312F /* CuratorisApp.swift in Sources */ = {isa = PBXBuildFile; fileRef = 104943992F83F63F008E312F /* CuratorisApp.swift */; };
		104943C52F83F63F008E312F /* Item.swift in Sources */ = {isa = PBXBuildFile; fileRef = 1049439B2F83F63F008E312F /* Item.swift */; };
		104943C62F83F63F008E312F /* SettingsView.swift in Sources */ = {isa = PBXBuildFile; fileRef = 1049439D2F83F63F008E312F /* SettingsView.swift */; };
		104943C82F83F63F008E312F /* ContentView.swift in Sources */ = {isa = PBXBuildFile; fileRef = 104943982F83F63F008E312F /* ContentView.swift */; };
		104943C92F83F63F008E312F /* MenuBarController.swift in Sources */ = {isa = PBXBuildFile; fileRef = 1049439C2F83F63F008E312F /* MenuBarController.swift */; };
		104943CA2F83F63F008E312F /* SettingsWindowController.swift in Sources */ = {isa = PBXBuildFile; fileRef = 1049439E2F83F63F008E312F /* SettingsWindowController.swift */; };
		104943CC2F83F63F008E312F /* AboutView.swift in Sources */ = {isa = PBXBuildFile; fileRef = 104943942F83F63F008E312F /* AboutView.swift */; };
		104943CD2F83F63F008E312F /* WallpaperManager.swift in Sources */ = {isa = PBXBuildFile; fileRef = 104943922F83F63F008E312F /* WallpaperManager.swift */; };
		104943D02F83F63F008E312F /* Assets.xcassets in Resources */ = {isa = PBXBuildFile; fileRef = 104943962F83F63F008E312F /* Assets.xcassets */; };
		104943D12F83F63F008E312F /* AppIcon.icon in Resources */ = {isa = PBXBuildFile; fileRef = 104943952F83F63F008E312F /* AppIcon.icon */; };
/* End PBXBuildFile section */

/* Begin PBXContainerItemProxy section */
		1017B5A02F5AA98B00BAFB1A /* PBXContainerItemProxy */ = {
			isa = PBXContainerItemProxy;
			containerPortal = 1017B5882F5AA98A00BAFB1A /* Project object */;
			proxyType = 1;
			remoteGlobalIDString = 1017B58F2F5AA98A00BAFB1A;
			remoteInfo = DailyWall;
		};
		1017B5AA2F5AA98B00BAFB1A /* PBXContainerItemProxy */ = {
			isa = PBXContainerItemProxy;
			containerPortal = 1017B5882F5AA98A00BAFB1A /* Project object */;
			proxyType = 1;
			remoteGlobalIDString = 1017B58F2F5AA98A00BAFB1A;
			remoteInfo = DailyWall;
		};
/* End PBXContainerItemProxy section */

/* Begin PBXFileReference section */
		1017B5902F5AA98A00BAFB1A /* Curatoris.app */ = {isa = PBXFileReference; explicitFileType = wrapper.application; includeInIndex = 0; path = Curatoris.app; sourceTree = BUILT_PRODUCTS_DIR; };
		1017B59F2F5AA98B00BAFB1A /* CuratorisTests.xctest */ = {isa = PBXFileReference; explicitFileType = wrapper.cfbundle; includeInIndex = 0; path = CuratorisTests.xctest; sourceTree = BUILT_PRODUCTS_DIR; };
		1017B5A92F5AA98B00BAFB1A /* CuratorisUITests.xctest */ = {isa = PBXFileReference; explicitFileType = wrapper.cfbundle; includeInIndex = 0; path = CuratorisUITests.xctest; sourceTree = BUILT_PRODUCTS_DIR; };
		104943922F83F63F008E312F /* WallpaperManager.swift */ = {isa = PBXFileReference; lastKnownFileType = sourcecode.swift; path = WallpaperManager.swift; sourceTree = "<group>"; };
		104943942F83F63F008E312F /* AboutView.swift */ = {isa = PBXFileReference; lastKnownFileType = sourcecode.swift; path = AboutView.swift; sourceTree = "<group>"; };
		104943952F83F63F008E312F /* AppIcon.icon */ = {isa = PBXFileReference; lastKnownFileType = folder.iconcomposer.icon; path = AppIcon.icon; sourceTree = "<group>"; };
		104943962F83F63F008E312F /* Assets.xcassets */ = {isa = PBXFileReference; lastKnownFileType = folder.assetcatalog; path = Assets.xcassets; sourceTree = "<group>"; };
		104943972F83F63F008E312F /* Config.xcconfig */ = {isa = PBXFileReference; lastKnownFileType = text.xcconfig; path = Config.xcconfig; sourceTree = "<group>"; };
		104943982F83F63F008E312F /* ContentView.swift */ = {isa = PBXFileReference; lastKnownFileType = sourcecode.swift; path = ContentView.swift; sourceTree = "<group>"; };
		104943992F83F63F008E312F /* CuratorisApp.swift */ = {isa = PBXFileReference; lastKnownFileType = sourcecode.swift; path = CuratorisApp.swift; sourceTree = "<group>"; };
		1049439A2F83F63F008E312F /* Info.plist */ = {isa = PBXFileReference; lastKnownFileType = text.plist.xml; path = Info.plist; sourceTree = "<group>"; };
		1049439B2F83F63F008E312F /* Item.swift */ = {isa = PBXFileReference; lastKnownFileType = sourcecode.swift; path = Item.swift; sourceTree = "<group>"; };
		1049439C2F83F63F008E312F /* MenuBarController.swift */ = {isa = PBXFileReference; lastKnownFileType = sourcecode.swift; path = MenuBarController.swift; sourceTree = "<group>"; };
		1049439D2F83F63F008E312F /* SettingsView.swift */ = {isa = PBXFileReference; lastKnownFileType = sourcecode.swift; path = SettingsView.swift; sourceTree = "<group>"; };
		1049439E2F83F63F008E312F /* SettingsWindowController.swift */ = {isa = PBXFileReference; lastKnownFileType = sourcecode.swift; path = SettingsWindowController.swift; sourceTree = "<group>"; };
		104943E02F83F695008E312F /* CuratorisTests.swift */ = {isa = PBXFileReference; lastKnownFileType = sourcecode.swift; path = CuratorisTests.swift; sourceTree = "<group>"; };
		104943E22F83F695008E312F /* CuratorisUITests.swift */ = {isa = PBXFileReference; lastKnownFileType = sourcecode.swift; path = CuratorisUITests.swift; sourceTree = "<group>"; };
		104943E32F83F695008E312F /* CuratorisUITestsLaunchTests.swift */ = {isa = PBXFileReference; lastKnownFileType = sourcecode.swift; path = CuratorisUITestsLaunchTests.swift; sourceTree = "<group>"; };
/* End PBXFileReference section */

/* Begin PBXFrameworksBuildPhase section */
		1017B58D2F5AA98A00BAFB1A /* Frameworks */ = {
			isa = PBXFrameworksBuildPhase;
			buildActionMask = 2147483647;
			files = (
			);
			runOnlyForDeploymentPostprocessing = 0;
		};
		1017B59C2F5AA98B00BAFB1A /* Frameworks */ = {
			isa = PBXFrameworksBuildPhase;
			buildActionMask = 2147483647;
			files = (
			);
			runOnlyForDeploymentPostprocessing = 0;
		};
		1017B5A62F5AA98B00BAFB1A /* Frameworks */ = {
			isa = PBXFrameworksBuildPhase;
			buildActionMask = 2147483647;
			files = (
			);
			runOnlyForDeploymentPostprocessing = 0;
		};
/* End PBXFrameworksBuildPhase section */

/* Begin PBXGroup section */
		1017B5872F5AA98A00BAFB1A = {
			isa = PBXGroup;
			children = (
				1049439F2F83F63F008E312F /* Curatoris */,
				104943E12F83F695008E312F /* CuratorisTests */,
				104943E42F83F695008E312F /* CuratorisUITests */,
				1017B5912F5AA98A00BAFB1A /* Products */,
			);
			sourceTree = "<group>";
		};
		1017B5912F5AA98A00BAFB1A /* Products */ = {
			isa = PBXGroup;
			children = (
				1017B5902F5AA98A00BAFB1A /* Curatoris.app */,
				1017B59F2F5AA98B00BAFB1A /* CuratorisTests.xctest */,
				1017B5A92F5AA98B00BAFB1A /* CuratorisUITests.xctest */,
			);
			name = Products;
			sourceTree = "<group>";
		};
		104943932F83F63F008E312F /* utilities */ = {
			isa = PBXGroup;
			children = (
				104943922F83F63F008E312F /* WallpaperManager.swift */,
			);
			path = utilities;
			sourceTree = "<group>";
		};
		1049439F2F83F63F008E312F /* Curatoris */ = {
			isa = PBXGroup;
			children = (
				104943932F83F63F008E312F /* utilities */,
				104943942F83F63F008E312F /* AboutView.swift */,
				104943952F83F63F008E312F /* AppIcon.icon */,
				104943962F83F63F008E312F /* Assets.xcassets */,
				104943972F83F63F008E312F /* Config.xcconfig */,
				104943982F83F63F008E312F /* ContentView.swift */,
				104943992F83F63F008E312F /* CuratorisApp.swift */,
				1049439A2F83F63F008E312F /* Info.plist */,
				1049439B2F83F63F008E312F /* Item.swift */,
				1049439C2F83F63F008E312F /* MenuBarController.swift */,
				1049439D2F83F63F008E312F /* SettingsView.swift */,
				1049439E2F83F63F008E312F /* SettingsWindowController.swift */,
			);
			path = Curatoris;
			sourceTree = "<group>";
		};
		104943E12F83F695008E312F /* CuratorisTests */ = {
			isa = PBXGroup;
			children = (
				104943E02F83F695008E312F /* CuratorisTests.swift */,
			);
			path = CuratorisTests;
			sourceTree = "<group>";
		};
		104943E42F83F695008E312F /* CuratorisUITests */ = {
			isa = PBXGroup;
			children = (
				104943E22F83F695008E312F /* CuratorisUITests.swift */,
				104943E32F83F695008E312F /* CuratorisUITestsLaunchTests.swift */,
			);
			path = CuratorisUITests;
			sourceTree = "<group>";
		};
/* End PBXGroup section */

/* Begin PBXNativeTarget section */
		1017B58F2F5AA98A00BAFB1A /* Curatoris */ = {
			isa = PBXNativeTarget;
			buildConfigurationList = 1017B5B32F5AA98B00BAFB1A /* Build configuration list for PBXNativeTarget "Curatoris" */;
			buildPhases = (
				1017B58C2F5AA98A00BAFB1A /* Sources */,
				1017B58D2F5AA98A00BAFB1A /* Frameworks */,
				1017B58E2F5AA98A00BAFB1A /* Resources */,
			);
			buildRules = (
			);
			dependencies = (
			);
			name = Curatoris;
			packageProductDependencies = (
			);
			productName = DailyWall;
			productReference = 1017B5902F5AA98A00BAFB1A /* Curatoris.app */;
			productType = "com.apple.product-type.application";
		};
		1017B59E2F5AA98B00BAFB1A /* CuratorisTests */ = {
			isa = PBXNativeTarget;
			buildConfigurationList = 1017B5B62F5AA98B00BAFB1A /* Build configuration list for PBXNativeTarget "CuratorisTests" */;
			buildPhases = (
				1017B59B2F5AA98B00BAFB1A /* Sources */,
				1017B59C2F5AA98B00BAFB1A /* Frameworks */,
				1017B59D2F5AA98B00BAFB1A /* Resources */,
			);
			buildRules = (
			);
			dependencies = (
				1017B5A12F5AA98B00BAFB1A /* PBXTargetDependency */,
			);
			name = CuratorisTests;
			packageProductDependencies = (
			);
			productName = DailyWallTests;
			productReference = 1017B59F2F5AA98B00BAFB1A /* CuratorisTests.xctest */;
			productType = "com.apple.product-type.bundle.unit-test";
		};
		1017B5A82F5AA98B00BAFB1A /* CuratorisUITests */ = {
			isa = PBXNativeTarget;
			buildConfigurationList = 1017B5B92F5AA98B00BAFB1A /* Build configuration list for PBXNativeTarget "CuratorisUITests" */;
			buildPhases = (
				1017B5A52F5AA98B00BAFB1A /* Sources */,
				1017B5A62F5AA98B00BAFB1A /* Frameworks */,
				1017B5A72F5AA98B00BAFB1A /* Resources */,
			);
			buildRules = (
			);
			dependencies = (
				1017B5AB2F5AA98B00BAFB1A /* PBXTargetDependency */,
			);
			name = CuratorisUITests;
			packageProductDependencies = (
			);
			productName = DailyWallUITests;
			productReference = 1017B5A92F5AA98B00BAFB1A /* CuratorisUITests.xctest */;
			productType = "com.apple.product-type.bundle.ui-testing";
		};
/* End PBXNativeTarget section */

/* Begin PBXProject section */
		1017B5882F5AA98A00BAFB1A /* Project object */ = {
			isa = PBXProject;
			attributes = {
				BuildIndependentTargetsInParallel = 1;
				LastSwiftUpdateCheck = 2630;
				LastUpgradeCheck = 2640;
				TargetAttributes = {
					1017B58F2F5AA98A00BAFB1A = {
						CreatedOnToolsVersion = 26.3;
					};
					1017B59E2F5AA98B00BAFB1A = {
						CreatedOnToolsVersion = 26.3;
						TestTargetID = 1017B58F2F5AA98A00BAFB1A;
					};
					1017B5A82F5AA98B00BAFB1A = {
						CreatedOnToolsVersion = 26.3;
						TestTargetID = 1017B58F2F5AA98A00BAFB1A;
					};
				};
			};
			buildConfigurationList = 1017B58B2F5AA98A00BAFB1A /* Build configuration list for PBXProject "Curatoris" */;
			developmentRegion = en;
			hasScannedForEncodings = 0;
			knownRegions = (
				en,
				Base,
			);
			mainGroup = 1017B5872F5AA98A00BAFB1A;
			minimizedProjectReferenceProxies = 1;
			preferredProjectObjectVersion = 77;
			productRefGroup = 1017B5912F5AA98A00BAFB1A /* Products */;
			projectDirPath = "";
			projectRoot = "";
			targets = (
				1017B58F2F5AA98A00BAFB1A /* Curatoris */,
				1017B59E2F5AA98B00BAFB1A /* CuratorisTests */,
				1017B5A82F5AA98B00BAFB1A /* CuratorisUITests */,
			);
		};
/* End PBXProject section */

/* Begin PBXResourcesBuildPhase section */
		1017B58E2F5AA98A00BAFB1A /* Resources */ = {
			isa = PBXResourcesBuildPhase;
			buildActionMask = 2147483647;
			files = (
				104943D02F83F63F008E312F /* Assets.xcassets in Resources */,
				104943D12F83F63F008E312F /* AppIcon.icon in Resources */,
			);
			runOnlyForDeploymentPostprocessing = 0;
		};
		1017B59D2F5AA98B00BAFB1A /* Resources */ = {
			isa = PBXResourcesBuildPhase;
			buildActionMask = 2147483647;
			files = (
				104943B12F83F63F008E312F /* Info.plist in Resources */,
				104943B22F83F63F008E312F /* Assets.xcassets in Resources */,
				104943B32F83F63F008E312F /* AppIcon.icon in Resources */,
			);
			runOnlyForDeploymentPostprocessing = 0;
		};
		1017B5A72F5AA98B00BAFB1A /* Resources */ = {
			isa = PBXResourcesBuildPhase;
			buildActionMask = 2147483647;
			files = (
				104943B52F83F63F008E312F /* Info.plist in Resources */,
				104943B62F83F63F008E312F /* Assets.xcassets in Resources */,
				104943B72F83F63F008E312F /* AppIcon.icon in Resources */,
			);
			runOnlyForDeploymentPostprocessing = 0;
		};
/* End PBXResourcesBuildPhase section */

/* Begin PBXSourcesBuildPhase section */
		1017B58C2F5AA98A00BAFB1A /* Sources */ = {
			isa = PBXSourcesBuildPhase;
			buildActionMask = 2147483647;
			files = (
				104943C42F83F63F008E312F /* CuratorisApp.swift in Sources */,
				104943C52F83F63F008E312F /* Item.swift in Sources */,
				104943C62F83F63F008E312F /* SettingsView.swift in Sources */,
				104943C82F83F63F008E312F /* ContentView.swift in Sources */,
				104943C92F83F63F008E312F /* MenuBarController.swift in Sources */,
				104943CA2F83F63F008E312F /* SettingsWindowController.swift in Sources */,
				104943CC2F83F63F008E312F /* AboutView.swift in Sources */,
				104943CD2F83F63F008E312F /* WallpaperManager.swift in Sources */,
			);
			runOnlyForDeploymentPostprocessing = 0;
		};
		1017B59B2F5AA98B00BAFB1A /* Sources */ = {
			isa = PBXSourcesBuildPhase;
			buildActionMask = 2147483647;
			files = (
				104943A62F83F63F008E312F /* CuratorisApp.swift in Sources */,
				104943A72F83F63F008E312F /* Item.swift in Sources */,
				104943A82F83F63F008E312F /* SettingsView.swift in Sources */,
				104943AA2F83F63F008E312F /* ContentView.swift in Sources */,
				104943AB2F83F63F008E312F /* MenuBarController.swift in Sources */,
				104943AC2F83F63F008E312F /* SettingsWindowController.swift in Sources */,
				104943AE2F83F63F008E312F /* AboutView.swift in Sources */,
				104943AF2F83F63F008E312F /* WallpaperManager.swift in Sources */,
			);
			runOnlyForDeploymentPostprocessing = 0;
		};
		1017B5A52F5AA98B00BAFB1A /* Sources */ = {
			isa = PBXSourcesBuildPhase;
			buildActionMask = 2147483647;
			files = (
				104943B92F83F63F008E312F /* CuratorisApp.swift in Sources */,
				104943BA2F83F63F008E312F /* Item.swift in Sources */,
				104943BB2F83F63F008E312F /* SettingsView.swift in Sources */,
				104943BD2F83F63F008E312F /* ContentView.swift in Sources */,
				104943BE2F83F63F008E312F /* MenuBarController.swift in Sources */,
				104943BF2F83F63F008E312F /* SettingsWindowController.swift in Sources */,
				104943C12F83F63F008E312F /* AboutView.swift in Sources */,
				104943C22F83F63F008E312F /* WallpaperManager.swift in Sources */,
			);
			runOnlyForDeploymentPostprocessing = 0;
		};
/* End PBXSourcesBuildPhase section */

/* Begin PBXTargetDependency section */
		1017B5A12F5AA98B00BAFB1A /* PBXTargetDependency */ = {
			isa = PBXTargetDependency;
			target = 1017B58F2F5AA98A00BAFB1A /* Curatoris */;
			targetProxy = 1017B5A02F5AA98B00BAFB1A /* PBXContainerItemProxy */;
		};
		1017B5AB2F5AA98B00BAFB1A /* PBXTargetDependency */ = {
			isa = PBXTargetDependency;
			target = 1017B58F2F5AA98A00BAFB1A /* Curatoris */;
			targetProxy = 1017B5AA2F5AA98B00BAFB1A /* PBXContainerItemProxy */;
		};
/* End PBXTargetDependency section */

/* Begin XCBuildConfiguration section */
		1017B5B12F5AA98B00BAFB1A /* Debug */ = {
			isa = XCBuildConfiguration;
			baseConfigurationReference = 104943972F83F63F008E312F /* Config.xcconfig */;
			buildSettings = {
				ALWAYS_SEARCH_USER_PATHS = NO;
				ASSETCATALOG_COMPILER_GENERATE_SWIFT_ASSET_SYMBOL_EXTENSIONS = YES;
				CLANG_ANALYZER_NONNULL = YES;
				CLANG_ANALYZER_NUMBER_OBJECT_CONVERSION = YES_AGGRESSIVE;
				CLANG_CXX_LANGUAGE_STANDARD = "gnu++20";
				CLANG_ENABLE_MODULES = YES;
				CLANG_ENABLE_OBJC_ARC = YES;
				CLANG_ENABLE_OBJC_WEAK = YES;
				CLANG_WARN_BLOCK_CAPTURE_AUTORELEASING = YES;
				CLANG_WARN_BOOL_CONVERSION = YES;
				CLANG_WARN_COMMA = YES;
				CLANG_WARN_CONSTANT_CONVERSION = YES;
				CLANG_WARN_DEPRECATED_OBJC_IMPLEMENTATIONS = YES;
				CLANG_WARN_DIRECT_OBJC_ISA_USAGE = YES_ERROR;
				CLANG_WARN_DOCUMENTATION_COMMENTS = YES;
				CLANG_WARN_EMPTY_BODY = YES;
				CLANG_WARN_ENUM_CONVERSION = YES;
				CLANG_WARN_INFINITE_RECURSION = YES;
				CLANG_WARN_INT_CONVERSION = YES;
				CLANG_WARN_NON_LITERAL_NULL_CONVERSION = YES;
				CLANG_WARN_OBJC_IMPLICIT_RETAIN_SELF = YES;
				CLANG_WARN_OBJC_LITERAL_CONVERSION = YES;
				CLANG_WARN_OBJC_ROOT_CLASS = YES_ERROR;
				CLANG_WARN_QUOTED_INCLUDE_IN_FRAMEWORK_HEADER = YES;
				CLANG_WARN_RANGE_LOOP_ANALYSIS = YES;
				CLANG_WARN_STRICT_PROTOTYPES = YES;
				CLANG_WARN_SUSPICIOUS_MOVE = YES;
				CLANG_WARN_UNGUARDED_AVAILABILITY = YES_AGGRESSIVE;
				CLANG_WARN_UNREACHABLE_CODE = YES;
				CLANG_WARN__DUPLICATE_METHOD_MATCH = YES;
				COPY_PHASE_STRIP = NO;
				DEAD_CODE_STRIPPING = YES;
				DEBUG_INFORMATION_FORMAT = dwarf;
				DEVELOPMENT_TEAM = XBBW4HGHAD;
				ENABLE_STRICT_OBJC_MSGSEND = YES;
				ENABLE_TESTABILITY = YES;
				ENABLE_USER_SCRIPT_SANDBOXING = YES;
				GCC_C_LANGUAGE_STANDARD = gnu17;
				GCC_DYNAMIC_NO_PIC = NO;
				GCC_NO_COMMON_BLOCKS = YES;
				GCC_OPTIMIZATION_LEVEL = 0;
				GCC_PREPROCESSOR_DEFINITIONS = (
					"DEBUG=1",
					"$(inherited)",
				);
				GCC_WARN_64_TO_32_BIT_CONVERSION = YES;
				GCC_WARN_ABOUT_RETURN_TYPE = YES_ERROR;
				GCC_WARN_UNDECLARED_SELECTOR = YES;
				GCC_WARN_UNINITIALIZED_AUTOS = YES_AGGRESSIVE;
				GCC_WARN_UNUSED_FUNCTION = YES;
				GCC_WARN_UNUSED_VARIABLE = YES;
				LOCALIZATION_PREFERS_STRING_CATALOGS = YES;
				MACOSX_DEPLOYMENT_TARGET = 26.2;
				MTL_ENABLE_DEBUG_INFO = INCLUDE_SOURCE;
				MTL_FAST_MATH = YES;
				ONLY_ACTIVE_ARCH = YES;
				SDKROOT = macosx;
				STRING_CATALOG_GENERATE_SYMBOLS = YES;
				SWIFT_ACTIVE_COMPILATION_CONDITIONS = "DEBUG $(inherited)";
				SWIFT_OPTIMIZATION_LEVEL = "-Onone";
			};
			name = Debug;
		};
		1017B5B22F5AA98B00BAFB1A /* Release */ = {
			isa = XCBuildConfiguration;
			baseConfigurationReference = 104943972F83F63F008E312F /* Config.xcconfig */;
			buildSettings = {
				ALWAYS_SEARCH_USER_PATHS = NO;
				ASSETCATALOG_COMPILER_GENERATE_SWIFT_ASSET_SYMBOL_EXTENSIONS = YES;
				CLANG_ANALYZER_NONNULL = YES;
				CLANG_ANALYZER_NUMBER_OBJECT_CONVERSION = YES_AGGRESSIVE;
				CLANG_CXX_LANGUAGE_STANDARD = "gnu++20";
				CLANG_ENABLE_MODULES = YES;
				CLANG_ENABLE_OBJC_ARC = YES;
				CLANG_ENABLE_OBJC_WEAK = YES;
				CLANG_WARN_BLOCK_CAPTURE_AUTORELEASING = YES;
				CLANG_WARN_BOOL_CONVERSION = YES;
				CLANG_WARN_COMMA = YES;
				CLANG_WARN_CONSTANT_CONVERSION = YES;
				CLANG_WARN_DEPRECATED_OBJC_IMPLEMENTATIONS = YES;
				CLANG_WARN_DIRECT_OBJC_ISA_USAGE = YES_ERROR;
				CLANG_WARN_DOCUMENTATION_COMMENTS = YES;
				CLANG_WARN_EMPTY_BODY = YES;
				CLANG_WARN_ENUM_CONVERSION = YES;
				CLANG_WARN_INFINITE_RECURSION = YES;
				CLANG_WARN_INT_CONVERSION = YES;
				CLANG_WARN_NON_LITERAL_NULL_CONVERSION = YES;
				CLANG_WARN_OBJC_IMPLICIT_RETAIN_SELF = YES;
				CLANG_WARN_OBJC_LITERAL_CONVERSION = YES;
				CLANG_WARN_OBJC_ROOT_CLASS = YES_ERROR;
				CLANG_WARN_QUOTED_INCLUDE_IN_FRAMEWORK_HEADER = YES;
				CLANG_WARN_RANGE_LOOP_ANALYSIS = YES;
				CLANG_WARN_STRICT_PROTOTYPES = YES;
				CLANG_WARN_SUSPICIOUS_MOVE = YES;
				CLANG_WARN_UNGUARDED_AVAILABILITY = YES_AGGRESSIVE;
				CLANG_WARN_UNREACHABLE_CODE = YES;
				CLANG_WARN__DUPLICATE_METHOD_MATCH = YES;
				COPY_PHASE_STRIP = NO;
				DEAD_CODE_STRIPPING = YES;
				DEBUG_INFORMATION_FORMAT = "dwarf-with-dsym";
				DEVELOPMENT_TEAM = XBBW4HGHAD;
				ENABLE_NS_ASSERTIONS = NO;
				ENABLE_STRICT_OBJC_MSGSEND = YES;
				ENABLE_USER_SCRIPT_SANDBOXING = YES;
				GCC_C_LANGUAGE_STANDARD = gnu17;
				GCC_NO_COMMON_BLOCKS = YES;
				GCC_WARN_64_TO_32_BIT_CONVERSION = YES;
				GCC_WARN_ABOUT_RETURN_TYPE = YES_ERROR;
				GCC_WARN_UNDECLARED_SELECTOR = YES;
				GCC_WARN_UNINITIALIZED_AUTOS = YES_AGGRESSIVE;
				GCC_WARN_UNUSED_FUNCTION = YES;
				GCC_WARN_UNUSED_VARIABLE = YES;
				LOCALIZATION_PREFERS_STRING_CATALOGS = YES;
				MACOSX_DEPLOYMENT_TARGET = 26.2;
				MTL_ENABLE_DEBUG_INFO = NO;
				MTL_FAST_MATH = YES;
				SDKROOT = macosx;
				STRING_CATALOG_GENERATE_SYMBOLS = YES;
				SWIFT_COMPILATION_MODE = wholemodule;
			};
			name = Release;
		};
		1017B5B42F5AA98B00BAFB1A /* Debug */ = {
			isa = XCBuildConfiguration;
			buildSettings = {
				ASSETCATALOG_COMPILER_APPICON_NAME = AppIcon;
				ASSETCATALOG_COMPILER_GLOBAL_ACCENT_COLOR_NAME = AccentColor;
				"CODE_SIGN_IDENTITY[sdk=macosx*]" = "-";
				CODE_SIGN_STYLE = Automatic;
				COMBINE_HIDPI_IMAGES = YES;
				CURRENT_PROJECT_VERSION = 1;
				DEAD_CODE_STRIPPING = YES;
				DEVELOPMENT_TEAM = XBBW4HGHAD;
				ENABLE_APP_SANDBOX = NO;
				ENABLE_FILE_ACCESS_DOWNLOADS_FOLDER = readwrite;
				ENABLE_HARDENED_RUNTIME = YES;
				ENABLE_INCOMING_NETWORK_CONNECTIONS = YES;
				ENABLE_PREVIEWS = YES;
				ENABLE_USER_SELECTED_FILES = readonly;
				GENERATE_INFOPLIST_FILE = YES;
				INFOPLIST_FILE = Curatoris/Info.plist;
				INFOPLIST_KEY_CFBundleDisplayName = Curatoris;
				INFOPLIST_KEY_LSApplicationCategoryType = "public.app-category.utilities";
				INFOPLIST_KEY_NSHumanReadableCopyright = "";
				INFOPLIST_KEY_NSLocalNetworkUsageDescription = "Curatoris needs to download wallpapers from the internet";
				LD_RUNPATH_SEARCH_PATHS = (
					"$(inherited)",
					"@executable_path/../Frameworks",
				);
				MARKETING_VERSION = 1.7.0;
				PRODUCT_BUNDLE_IDENTIFIER = com.mattkje.Curatoris;
				PRODUCT_NAME = "$(TARGET_NAME)";
				REGISTER_APP_GROUPS = YES;
				STRING_CATALOG_GENERATE_SYMBOLS = YES;
				SWIFT_APPROACHABLE_CONCURRENCY = YES;
				SWIFT_DEFAULT_ACTOR_ISOLATION = MainActor;
				SWIFT_EMIT_LOC_STRINGS = YES;
				SWIFT_UPCOMING_FEATURE_MEMBER_IMPORT_VISIBILITY = YES;
				SWIFT_VERSION = 5.0;
			};
			name = Debug;
		};
		1017B5B52F5AA98B00BAFB1A /* Release */ = {
			isa = XCBuildConfiguration;
			buildSettings = {
				ASSETCATALOG_COMPILER_APPICON_NAME = AppIcon;
				ASSETCATALOG_COMPILER_GLOBAL_ACCENT_COLOR_NAME = AccentColor;
				"CODE_SIGN_IDENTITY[sdk=macosx*]" = "-";
				CODE_SIGN_STYLE = Automatic;
				COMBINE_HIDPI_IMAGES = YES;
				CURRENT_PROJECT_VERSION = 1;
				DEAD_CODE_STRIPPING = YES;
				DEVELOPMENT_TEAM = XBBW4HGHAD;
				ENABLE_APP_SANDBOX = NO;
				ENABLE_FILE_ACCESS_DOWNLOADS_FOLDER = readwrite;
				ENABLE_HARDENED_RUNTIME = YES;
				ENABLE_INCOMING_NETWORK_CONNECTIONS = YES;
				ENABLE_PREVIEWS = YES;
				ENABLE_USER_SELECTED_FILES = readonly;
				GENERATE_INFOPLIST_FILE = YES;
				INFOPLIST_FILE = Curatoris/Info.plist;
				INFOPLIST_KEY_CFBundleDisplayName = Curatoris;
				INFOPLIST_KEY_LSApplicationCategoryType = "public.app-category.utilities";
				INFOPLIST_KEY_NSHumanReadableCopyright = "";
				INFOPLIST_KEY_NSLocalNetworkUsageDescription = "Curatoris needs to download wallpapers from the internet";
				LD_RUNPATH_SEARCH_PATHS = (
					"$(inherited)",
					"@executable_path/../Frameworks",
				);
				MARKETING_VERSION = 1.7.0;
				PRODUCT_BUNDLE_IDENTIFIER = com.mattkje.Curatoris;
				PRODUCT_NAME = "$(TARGET_NAME)";
				REGISTER_APP_GROUPS = YES;
				STRING_CATALOG_GENERATE_SYMBOLS = YES;
				SWIFT_APPROACHABLE_CONCURRENCY = YES;
				SWIFT_DEFAULT_ACTOR_ISOLATION = MainActor;
				SWIFT_EMIT_LOC_STRINGS = YES;
				SWIFT_UPCOMING_FEATURE_MEMBER_IMPORT_VISIBILITY = YES;
				SWIFT_VERSION = 5.0;
			};
			name = Release;
		};
		1017B5B72F5AA98B00BAFB1A /* Debug */ = {
			isa = XCBuildConfiguration;
			buildSettings = {
				BUNDLE_LOADER = "$(TEST_HOST)";
				CODE_SIGN_STYLE = Automatic;
				CURRENT_PROJECT_VERSION = 1;
				DEAD_CODE_STRIPPING = YES;
				DEVELOPMENT_TEAM = XBBW4HGHAD;
				GENERATE_INFOPLIST_FILE = YES;
				MACOSX_DEPLOYMENT_TARGET = 26.2;
				MARKETING_VERSION = 1.0;
				PRODUCT_BUNDLE_IDENTIFIER = com.mattkje.DailyWallTests;
				PRODUCT_NAME = "$(TARGET_NAME)";
				STRING_CATALOG_GENERATE_SYMBOLS = NO;
				SWIFT_APPROACHABLE_CONCURRENCY = YES;
				SWIFT_EMIT_LOC_STRINGS = NO;
				SWIFT_UPCOMING_FEATURE_MEMBER_IMPORT_VISIBILITY = YES;
				SWIFT_VERSION = 5.0;
				TEST_HOST = "$(BUILT_PRODUCTS_DIR)/DailyWall.app/$(BUNDLE_EXECUTABLE_FOLDER_PATH)/DailyWall";
			};
			name = Debug;
		};
		1017B5B82F5AA98B00BAFB1A /* Release */ = {
			isa = XCBuildConfiguration;
			buildSettings = {
				BUNDLE_LOADER = "$(TEST_HOST)";
				CODE_SIGN_STYLE = Automatic;
				CURRENT_PROJECT_VERSION = 1;
				DEAD_CODE_STRIPPING = YES;
				DEVELOPMENT_TEAM = XBBW4HGHAD;
				GENERATE_INFOPLIST_FILE = YES;
				MACOSX_DEPLOYMENT_TARGET = 26.2;
				MARKETING_VERSION = 1.0;
				PRODUCT_BUNDLE_IDENTIFIER = com.mattkje.DailyWallTests;
				PRODUCT_NAME = "$(TARGET_NAME)";
				STRING_CATALOG_GENERATE_SYMBOLS = NO;
				SWIFT_APPROACHABLE_CONCURRENCY = YES;
				SWIFT_EMIT_LOC_STRINGS = NO;
				SWIFT_UPCOMING_FEATURE_MEMBER_IMPORT_VISIBILITY = YES;
				SWIFT_VERSION = 5.0;
				TEST_HOST = "$(BUILT_PRODUCTS_DIR)/DailyWall.app/$(BUNDLE_EXECUTABLE_FOLDER_PATH)/DailyWall";
			};
			name = Release;
		};
		1017B5BA2F5AA98B00BAFB1A /* Debug */ = {
			isa = XCBuildConfiguration;
			buildSettings = {
				CODE_SIGN_STYLE = Automatic;
				CURRENT_PROJECT_VERSION = 1;
				DEAD_CODE_STRIPPING = YES;
				DEVELOPMENT_TEAM = XBBW4HGHAD;
				GENERATE_INFOPLIST_FILE = YES;
				MARKETING_VERSION = 1.0;
				PRODUCT_BUNDLE_IDENTIFIER = com.mattkje.DailyWallUITests;
				PRODUCT_NAME = "$(TARGET_NAME)";
				STRING_CATALOG_GENERATE_SYMBOLS = NO;
				SWIFT_APPROACHABLE_CONCURRENCY = YES;
				SWIFT_EMIT_LOC_STRINGS = NO;
				SWIFT_UPCOMING_FEATURE_MEMBER_IMPORT_VISIBILITY = YES;
				SWIFT_VERSION = 5.0;
				TEST_TARGET_NAME = DailyWall;
			};
			name = Debug;
		};
		1017B5BB2F5AA98B00BAFB1A /* Release */ = {
			isa = XCBuildConfiguration;
			buildSettings = {
				CODE_SIGN_STYLE = Automatic;
				CURRENT_PROJECT_VERSION = 1;
				DEAD_CODE_STRIPPING = YES;
				DEVELOPMENT_TEAM = XBBW4HGHAD;
				GENERATE_INFOPLIST_FILE = YES;
				MARKETING_VERSION = 1.0;
				PRODUCT_BUNDLE_IDENTIFIER = com.mattkje.DailyWallUITests;
				PRODUCT_NAME = "$(TARGET_NAME)";
				STRING_CATALOG_GENERATE_SYMBOLS = NO;
				SWIFT_APPROACHABLE_CONCURRENCY = YES;
				SWIFT_EMIT_LOC_STRINGS = NO;
				SWIFT_UPCOMING_FEATURE_MEMBER_IMPORT_VISIBILITY = YES;
				SWIFT_VERSION = 5.0;
				TEST_TARGET_NAME = DailyWall;
			};
			name = Release;
		};
/* End XCBuildConfiguration section */

/* Begin XCConfigurationList section */
		1017B58B2F5AA98A00BAFB1A /* Build configuration list for PBXProject "Curatoris" */ = {
			isa = XCConfigurationList;
			buildConfigurations = (
				1017B5B12F5AA98B00BAFB1A /* Debug */,
				1017B5B22F5AA98B00BAFB1A /* Release */,
			);
			defaultConfigurationIsVisible = 0;
			defaultConfigurationName = Release;
		};
		1017B5B32F5AA98B00BAFB1A /* Build configuration list for PBXNativeTarget "Curatoris" */ = {
			isa = XCConfigurationList;
			buildConfigurations = (
				1017B5B42F5AA98B00BAFB1A /* Debug */,
				1017B5B52F5AA98B00BAFB1A /* Release */,
			);
			defaultConfigurationIsVisible = 0;
			defaultConfigurationName = Release;
		};
		1017B5B62F5AA98B00BAFB1A /* Build configuration list for PBXNativeTarget "CuratorisTests" */ = {
			isa = XCConfigurationList;
			buildConfigurations = (
				1017B5B72F5AA98B00BAFB1A /* Debug */,
				1017B5B82F5AA98B00BAFB1A /* Release */,
			);
			defaultConfigurationIsVisible = 0;
			defaultConfigurationName = Release;
		};
		1017B5B92F5AA98B00BAFB1A /* Build configuration list for PBXNativeTarget "CuratorisUITests" */ = {
			isa = XCConfigurationList;
			buildConfigurations = (
				1017B5BA2F5AA98B00BAFB1A /* Debug */,
				1017B5BB2F5AA98B00BAFB1A /* Release */,
			);
			defaultConfigurationIsVisible = 0;
			defaultConfigurationName = Release;
		};
/* End XCConfigurationList section */
	};
	rootObject = 1017B5882F5AA98A00BAFB1A /* Project object */;
}
