// !$*UTF8*$!
{
	archiveVersion = 1;
	classes = {
	};
	objectVersion = 77;
	objects = {

/* Begin PBXContainerItemProxy section */
		1017B5A02F5AA98B00BAFB1A /* PBXContainerItemProxy */ = {
			isa = PBXContainerItemProxy;
			containerPortal = 1017B5882F5AA98A00BAFB1A /* Project object */;
			proxyType = 1;
			remoteGlobalIDString = 1017B58F2F5AA98A00BAFB1A;
			remoteInfo = DailyWall;
		};
		1017B5AA2F5AA98B00BAFB1A /* PBXContainerItemProxy */ = {
			isa = PBXContainerItemProxy;
			containerPortal = 1017B5882F5AA98A00BAFB1A /* Project object */;
			proxyType = 1;
			remoteGlobalIDString = 1017B58F2F5AA98A00BAFB1A;
			remoteInfo = DailyWall;
		};
/* End PBXContainerItemProxy section */

/* Begin PBXFileReference section */
		1017B5902F5AA98A00BAFB1A /* DailyWall.app */ = {isa = PBXFileReference; explicitFileType = wrapper.application; includeInIndex = 0; path = DailyWall.app; sourceTree = BUILT_PRODUCTS_DIR; };
		1017B59F2F5AA98B00BAFB1A /* DailyWallTests.xctest */ = {isa = PBXFileReference; explicitFileType = wrapper.cfbundle; includeInIndex = 0; path = DailyWallTests.xctest; sourceTree = BUILT_PRODUCTS_DIR; };
		1017B5A92F5AA98B00BAFB1A /* DailyWallUITests.xctest */ = {isa = PBXFileReference; explicitFileType = wrapper.cfbundle; includeInIndex = 0; path = DailyWallUITests.xctest; sourceTree = BUILT_PRODUCTS_DIR; };
/* End PBXFileReference section */

/* Begin PBXFileSystemSynchronizedBuildFileExceptionSet section */
		10CD19E52F795B8C00FD0B5E /* Exceptions for "DailyWall" folder in "DailyWall" target */ = {
			isa = PBXFileSystemSynchronizedBuildFileExceptionSet;
			membershipExceptions = (
				Info.plist,
			);
			target = 1017B58F2F5AA98A00BAFB1A /* DailyWall */;
		};
/* End PBXFileSystemSynchronizedBuildFileExceptionSet section */

/* Begin PBXFileSystemSynchronizedRootGroup section */
		1017B5922F5AA98A00BAFB1A /* DailyWall */ = {
			isa = PBXFileSystemSynchronizedRootGroup;
			exceptions = (
				10CD19E52F795B8C00FD0B5E /* Exceptions for "DailyWall" folder in "DailyWall" target */,
			);
			path = DailyWall;
			sourceTree = "<group>";
		};
		1017B5A22F5AA98B00BAFB1A /* DailyWallTests */ = {
			isa = PBXFileSystemSynchronizedRootGroup;
			path = DailyWallTests;
			sourceTree = "<group>";
		};
		1017B5AC2F5AA98B00BAFB1A /* DailyWallUITests */ = {
			isa = PBXFileSystemSynchronizedRootGroup;
			path = DailyWallUITests;
			sourceTree = "<group>";
		};
/* End PBXFileSystemSynchronizedRootGroup section */

/* Begin PBXFrameworksBuildPhase section */
		1017B58D2F5AA98A00BAFB1A /* Frameworks */ = {
			isa = PBXFrameworksBuildPhase;
			buildActionMask = 2147483647;
			files = (
			);
			runOnlyForDeploymentPostprocessing = 0;
		};
		1017B59C2F5AA98B00BAFB1A /* Frameworks */ = {
			isa = PBXFrameworksBuildPhase;
			buildActionMask = 2147483647;
			files = (
			);
			runOnlyForDeploymentPostprocessing = 0;
		};
		1017B5A62F5AA98B00BAFB1A /* Frameworks */ = {
			isa = PBXFrameworksBuildPhase;
			buildActionMask = 2147483647;
			files = (
			);
			runOnlyForDeploymentPostprocessing = 0;
		};
/* End PBXFrameworksBuildPhase section */

/* Begin PBXGroup section */
		1017B5872F5AA98A00BAFB1A = {
			isa = PBXGroup;
			children = (
				1017B5922F5AA98A00BAFB1A /* DailyWall */,
				1017B5A22F5AA98B00BAFB1A /* DailyWallTests */,
				1017B5AC2F5AA98B00BAFB1A /* DailyWallUITests */,
				1017B5912F5AA98A00BAFB1A /* Products */,
			);
			sourceTree = "<group>";
		};
		1017B5912F5AA98A00BAFB1A /* Products */ = {
			isa = PBXGroup;
			children = (
				1017B5902F5AA98A00BAFB1A /* DailyWall.app */,
				1017B59F2F5AA98B00BAFB1A /* DailyWallTests.xctest */,
				1017B5A92F5AA98B00BAFB1A /* DailyWallUITests.xctest */,
			);
			name = Products;
			sourceTree = "<group>";
		};
/* End PBXGroup section */

/* Begin PBXNativeTarget section */
		1017B58F2F5AA98A00BAFB1A /* DailyWall */ = {
			isa = PBXNativeTarget;
			buildConfigurationList = 1017B5B32F5AA98B00BAFB1A /* Build configuration list for PBXNativeTarget "DailyWall" */;
			buildPhases = (
				1017B58C2F5AA98A00BAFB1A /* Sources */,
				1017B58D2F5AA98A00BAFB1A /* Frameworks */,
				1017B58E2F5AA98A00BAFB1A /* Resources */,
			);
			buildRules = (
			);
			dependencies = (
			);
			fileSystemSynchronizedGroups = (
				1017B5922F5AA98A00BAFB1A /* DailyWall */,
			);
			name = DailyWall;
			packageProductDependencies = (
			);
			productName = DailyWall;
			productReference = 1017B5902F5AA98A00BAFB1A /* DailyWall.app */;
			productType = "com.apple.product-type.application";
		};
		1017B59E2F5AA98B00BAFB1A /* DailyWallTests */ = {
			isa = PBXNativeTarget;
			buildConfigurationList = 1017B5B62F5AA98B00BAFB1A /* Build configuration list for PBXNativeTarget "DailyWallTests" */;
			buildPhases = (
				1017B59B2F5AA98B00BAFB1A /* Sources */,
				1017B59C2F5AA98B00BAFB1A /* Frameworks */,
				1017B59D2F5AA98B00BAFB1A /* Resources */,
			);
			buildRules = (
			);
			dependencies = (
				1017B5A12F5AA98B00BAFB1A /* PBXTargetDependency */,
			);
			fileSystemSynchronizedGroups = (
				1017B5A22F5AA98B00BAFB1A /* DailyWallTests */,
			);
			name = DailyWallTests;
			packageProductDependencies = (
			);
			productName = DailyWallTests;
			productReference = 1017B59F2F5AA98B00BAFB1A /* DailyWallTests.xctest */;
			productType = "com.apple.product-type.bundle.unit-test";
		};
		1017B5A82F5AA98B00BAFB1A /* DailyWallUITests */ = {
			isa = PBXNativeTarget;
			buildConfigurationList = 1017B5B92F5AA98B00BAFB1A /* Build configuration list for PBXNativeTarget "DailyWallUITests" */;
			buildPhases = (
				1017B5A52F5AA98B00BAFB1A /* Sources */,
				1017B5A62F5AA98B00BAFB1A /* Frameworks */,
				1017B5A72F5AA98B00BAFB1A /* Resources */,
			);
			buildRules = (
			);
			dependencies = (
				1017B5AB2F5AA98B00BAFB1A /* PBXTargetDependency */,
			);
			fileSystemSynchronizedGroups = (
				1017B5AC2F5AA98B00BAFB1A /* DailyWallUITests */,
			);
			name = DailyWallUITests;
			packageProductDependencies = (
			);
			productName = DailyWallUITests;
			productReference = 1017B5A92F5AA98B00BAFB1A /* DailyWallUITests.xctest */;
			productType = "com.apple.product-type.bundle.ui-testing";
		};
/* End PBXNativeTarget section */

/* Begin PBXProject section */
		1017B5882F5AA98A00BAFB1A /* Project object */ = {
			isa = PBXProject;
			attributes = {
				BuildIndependentTargetsInParallel = 1;
				LastSwiftUpdateCheck = 2630;
				LastUpgradeCheck = 2630;
				TargetAttributes = {
					1017B58F2F5AA98A00BAFB1A = {
						CreatedOnToolsVersion = 26.3;
					};
					1017B59E2F5AA98B00BAFB1A = {
						CreatedOnToolsVersion = 26.3;
						TestTargetID = 1017B58F2F5AA98A00BAFB1A;
					};
					1017B5A82F5AA98B00BAFB1A = {
						CreatedOnToolsVersion = 26.3;
						TestTargetID = 1017B58F2F5AA98A00BAFB1A;
					};
				};
			};
			buildConfigurationList = 1017B58B2F5AA98A00BAFB1A /* Build configuration list for PBXProject "DailyWall" */;
			developmentRegion = en;
			hasScannedForEncodings = 0;
			knownRegions = (
				en,
				Base,
			);
			mainGroup = 1017B5872F5AA98A00BAFB1A;
			minimizedProjectReferenceProxies = 1;
			preferredProjectObjectVersion = 77;
			productRefGroup = 1017B5912F5AA98A00BAFB1A /* Products */;
			projectDirPath = "";
			projectRoot = "";
			targets = (
				1017B58F2F5AA98A00BAFB1A /* DailyWall */,
				1017B59E2F5AA98B00BAFB1A /* DailyWallTests */,
				1017B5A82F5AA98B00BAFB1A /* DailyWallUITests */,
			);
		};
/* End PBXProject section */

/* Begin PBXResourcesBuildPhase section */
		1017B58E2F5AA98A00BAFB1A /* Resources */ = {
			isa = PBXResourcesBuildPhase;
			buildActionMask = 2147483647;
			files = (
			);
			runOnlyForDeploymentPostprocessing = 0;
		};
		1017B59D2F5AA98B00BAFB1A /* Resources */ = {
			isa = PBXResourcesBuildPhase;
			buildActionMask = 2147483647;
			files = (
			);
			runOnlyForDeploymentPostprocessing = 0;
		};
		1017B5A72F5AA98B00BAFB1A /* Resources */ = {
			isa = PBXResourcesBuildPhase;
			buildActionMask = 2147483647;
			files = (
			);
			runOnlyForDeploymentPostprocessing = 0;
		};
/* End PBXResourcesBuildPhase section */

/* Begin PBXSourcesBuildPhase section */
		1017B58C2F5AA98A00BAFB1A /* Sources */ = {
			isa = PBXSourcesBuildPhase;
			buildActionMask = 2147483647;
			files = (
			);
			runOnlyForDeploymentPostprocessing = 0;
		};
		1017B59B2F5AA98B00BAFB1A /* Sources */ = {
			isa = PBXSourcesBuildPhase;
			buildActionMask = 2147483647;
			files = (
			);
			runOnlyForDeploymentPostprocessing = 0;
		};
		1017B5A52F5AA98B00BAFB1A /* Sources */ = {
			isa = PBXSourcesBuildPhase;
			buildActionMask = 2147483647;
			files = (
			);
			runOnlyForDeploymentPostprocessing = 0;
		};
/* End PBXSourcesBuildPhase section */

/* Begin PBXTargetDependency section */
		1017B5A12F5AA98B00BAFB1A /* PBXTargetDependency */ = {
			isa = PBXTargetDependency;
			target = 1017B58F2F5AA98A00BAFB1A /* DailyWall */;
			targetProxy = 1017B5A02F5AA98B00BAFB1A /* PBXContainerItemProxy */;
		};
		1017B5AB2F5AA98B00BAFB1A /* PBXTargetDependency */ = {
			isa = PBXTargetDependency;
			target = 1017B58F2F5AA98A00BAFB1A /* DailyWall */;
			targetProxy = 1017B5AA2F5AA98B00BAFB1A /* PBXContainerItemProxy */;
		};
/* End PBXTargetDependency section */

/* Begin XCBuildConfiguration section */
		1017B5B12F5AA98B00BAFB1A /* Debug */ = {
			isa = XCBuildConfiguration;
			buildSettings = {
				ALWAYS_SEARCH_USER_PATHS = NO;
				ASSETCATALOG_COMPILER_GENERATE_SWIFT_ASSET_SYMBOL_EXTENSIONS = YES;
				CLANG_ANALYZER_NONNULL = YES;
				CLANG_ANALYZER_NUMBER_OBJECT_CONVERSION = YES_AGGRESSIVE;
				CLANG_CXX_LANGUAGE_STANDARD = "gnu++20";
				CLANG_ENABLE_MODULES = YES;
				CLANG_ENABLE_OBJC_ARC = YES;
				CLANG_ENABLE_OBJC_WEAK = YES;
				CLANG_WARN_BLOCK_CAPTURE_AUTORELEASING = YES;
				CLANG_WARN_BOOL_CONVERSION = YES;
				CLANG_WARN_COMMA = YES;
				CLANG_WARN_CONSTANT_CONVERSION = YES;
				CLANG_WARN_DEPRECATED_OBJC_IMPLEMENTATIONS = YES;
				CLANG_WARN_DIRECT_OBJC_ISA_USAGE = YES_ERROR;
				CLANG_WARN_DOCUMENTATION_COMMENTS = YES;
				CLANG_WARN_EMPTY_BODY = YES;
				CLANG_WARN_ENUM_CONVERSION = YES;
				CLANG_WARN_INFINITE_RECURSION = YES;
				CLANG_WARN_INT_CONVERSION = YES;
				CLANG_WARN_NON_LITERAL_NULL_CONVERSION = YES;
				CLANG_WARN_OBJC_IMPLICIT_RETAIN_SELF = YES;
				CLANG_WARN_OBJC_LITERAL_CONVERSION = YES;
				CLANG_WARN_OBJC_ROOT_CLASS = YES_ERROR;
				CLANG_WARN_QUOTED_INCLUDE_IN_FRAMEWORK_HEADER = YES;
				CLANG_WARN_RANGE_LOOP_ANALYSIS = YES;
				CLANG_WARN_STRICT_PROTOTYPES = YES;
				CLANG_WARN_SUSPICIOUS_MOVE = YES;
				CLANG_WARN_UNGUARDED_AVAILABILITY = YES_AGGRESSIVE;
				CLANG_WARN_UNREACHABLE_CODE = YES;
				CLANG_WARN__DUPLICATE_METHOD_MATCH = YES;
				COPY_PHASE_STRIP = NO;
				DEBUG_INFORMATION_FORMAT = dwarf;
				DEVELOPMENT_TEAM = XBBW4HGHAD;
				ENABLE_STRICT_OBJC_MSGSEND = YES;
				ENABLE_TESTABILITY = YES;
				ENABLE_USER_SCRIPT_SANDBOXING = YES;
				GCC_C_LANGUAGE_STANDARD = gnu17;
				GCC_DYNAMIC_NO_PIC = NO;
				GCC_NO_COMMON_BLOCKS = YES;
				GCC_OPTIMIZATION_LEVEL = 0;
				GCC_PREPROCESSOR_DEFINITIONS = (
					"DEBUG=1",
					"$(inherited)",
				);
				GCC_WARN_64_TO_32_BIT_CONVERSION = YES;
				GCC_WARN_ABOUT_RETURN_TYPE = YES_ERROR;
				GCC_WARN_UNDECLARED_SELECTOR = YES;
				GCC_WARN_UNINITIALIZED_AUTOS = YES_AGGRESSIVE;
				GCC_WARN_UNUSED_FUNCTION = YES;
				GCC_WARN_UNUSED_VARIABLE = YES;
				LOCALIZATION_PREFERS_STRING_CATALOGS = YES;
				MACOSX_DEPLOYMENT_TARGET = 26.2;
				MTL_ENABLE_DEBUG_INFO = INCLUDE_SOURCE;
				MTL_FAST_MATH = YES;
				ONLY_ACTIVE_ARCH = YES;
				SDKROOT = macosx;
				SWIFT_ACTIVE_COMPILATION_CONDITIONS = "DEBUG $(inherited)";
				SWIFT_OPTIMIZATION_LEVEL = "-Onone";
			};
			name = Debug;
		};
		1017B5B22F5AA98B00BAFB1A /* Release */ = {
			isa = XCBuildConfiguration;
			buildSettings = {
				ALWAYS_SEARCH_USER_PATHS = NO;
				ASSETCATALOG_COMPILER_GENERATE_SWIFT_ASSET_SYMBOL_EXTENSIONS = YES;
				CLANG_ANALYZER_NONNULL = YES;
				CLANG_ANALYZER_NUMBER_OBJECT_CONVERSION = YES_AGGRESSIVE;
				CLANG_CXX_LANGUAGE_STANDARD = "gnu++20";
				CLANG_ENABLE_MODULES = YES;
				CLANG_ENABLE_OBJC_ARC = YES;
				CLANG_ENABLE_OBJC_WEAK = YES;
				CLANG_WARN_BLOCK_CAPTURE_AUTORELEASING = YES;
				CLANG_WARN_BOOL_CONVERSION = YES;
				CLANG_WARN_COMMA = YES;
				CLANG_WARN_CONSTANT_CONVERSION = YES;
				CLANG_WARN_DEPRECATED_OBJC_IMPLEMENTATIONS = YES;
				CLANG_WARN_DIRECT_OBJC_ISA_USAGE = YES_ERROR;
				CLANG_WARN_DOCUMENTATION_COMMENTS = YES;
				CLANG_WARN_EMPTY_BODY = YES;
				CLANG_WARN_ENUM_CONVERSION = YES;
				CLANG_WARN_INFINITE_RECURSION = YES;
				CLANG_WARN_INT_CONVERSION = YES;
				CLANG_WARN_NON_LITERAL_NULL_CONVERSION = YES;
				CLANG_WARN_OBJC_IMPLICIT_RETAIN_SELF = YES;
				CLANG_WARN_OBJC_LITERAL_CONVERSION = YES;
				CLANG_WARN_OBJC_ROOT_CLASS = YES_ERROR;
				CLANG_WARN_QUOTED_INCLUDE_IN_FRAMEWORK_HEADER = YES;
				CLANG_WARN_RANGE_LOOP_ANALYSIS = YES;
				CLANG_WARN_STRICT_PROTOTYPES = YES;
				CLANG_WARN_SUSPICIOUS_MOVE = YES;
				CLANG_WARN_UNGUARDED_AVAILABILITY = YES_AGGRESSIVE;
				CLANG_WARN_UNREACHABLE_CODE = YES;
				CLANG_WARN__DUPLICATE_METHOD_MATCH = YES;
				COPY_PHASE_STRIP = NO;
				DEBUG_INFORMATION_FORMAT = "dwarf-with-dsym";
				DEVELOPMENT_TEAM = XBBW4HGHAD;
				ENABLE_NS_ASSERTIONS = NO;
				ENABLE_STRICT_OBJC_MSGSEND = YES;
				ENABLE_USER_SCRIPT_SANDBOXING = YES;
				GCC_C_LANGUAGE_STANDARD = gnu17;
				GCC_NO_COMMON_BLOCKS = YES;
				GCC_WARN_64_TO_32_BIT_CONVERSION = YES;
				GCC_WARN_ABOUT_RETURN_TYPE = YES_ERROR;
				GCC_WARN_UNDECLARED_SELECTOR = YES;
				GCC_WARN_UNINITIALIZED_AUTOS = YES_AGGRESSIVE;
				GCC_WARN_UNUSED_FUNCTION = YES;
				GCC_WARN_UNUSED_VARIABLE = YES;
				LOCALIZATION_PREFERS_STRING_CATALOGS = YES;
				MACOSX_DEPLOYMENT_TARGET = 26.2;
				MTL_ENABLE_DEBUG_INFO = NO;
				MTL_FAST_MATH = YES;
				SDKROOT = macosx;
				SWIFT_COMPILATION_MODE = wholemodule;
			};
			name = Release;
		};
		1017B5B42F5AA98B00BAFB1A /* Debug */ = {
			isa = XCBuildConfiguration;
			baseConfigurationReferenceAnchor = 1017B5922F5AA98A00BAFB1A /* DailyWall */;
			baseConfigurationReferenceRelativePath = Config.xcconfig;
			buildSettings = {
				ASSETCATALOG_COMPILER_APPICON_NAME = AppIcon;
				ASSETCATALOG_COMPILER_GLOBAL_ACCENT_COLOR_NAME = AccentColor;
				CODE_SIGN_STYLE = Automatic;
				COMBINE_HIDPI_IMAGES = YES;
				CURRENT_PROJECT_VERSION = 1;
				DEVELOPMENT_TEAM = XBBW4HGHAD;
				ENABLE_APP_SANDBOX = NO;
				ENABLE_FILE_ACCESS_DOWNLOADS_FOLDER = readwrite;
				ENABLE_HARDENED_RUNTIME = YES;
				ENABLE_INCOMING_NETWORK_CONNECTIONS = YES;
				ENABLE_PREVIEWS = YES;
				ENABLE_USER_SELECTED_FILES = readonly;
				GENERATE_INFOPLIST_FILE = YES;
				INFOPLIST_FILE = DailyWall/Info.plist;
				INFOPLIST_KEY_LSApplicationCategoryType = "public.app-category.utilities";
				INFOPLIST_KEY_NSHumanReadableCopyright = "";
				INFOPLIST_KEY_NSLocalNetworkUsageDescription = "DailyWall needs to download wallpapers from the internet";
				LD_RUNPATH_SEARCH_PATHS = (
					"$(inherited)",
					"@executable_path/../Frameworks",
				);
				MARKETING_VERSION = 1.4.0;
				PRODUCT_BUNDLE_IDENTIFIER = com.mattkje.DailyWall;
				PRODUCT_NAME = "$(TARGET_NAME)";
				REGISTER_APP_GROUPS = YES;
				STRING_CATALOG_GENERATE_SYMBOLS = YES;
				SWIFT_APPROACHABLE_CONCURRENCY = YES;
				SWIFT_DEFAULT_ACTOR_ISOLATION = MainActor;
				SWIFT_EMIT_LOC_STRINGS = YES;
				SWIFT_UPCOMING_FEATURE_MEMBER_IMPORT_VISIBILITY = YES;
				SWIFT_VERSION = 5.0;
			};
			name = Debug;
		};
		1017B5B52F5AA98B00BAFB1A /* Release */ = {
			isa = XCBuildConfiguration;
			baseConfigurationReferenceAnchor = 1017B5922F5AA98A00BAFB1A /* DailyWall */;
			baseConfigurationReferenceRelativePath = Config.xcconfig;
			buildSettings = {
				ASSETCATALOG_COMPILER_APPICON_NAME = AppIcon;
				ASSETCATALOG_COMPILER_GLOBAL_ACCENT_COLOR_NAME = AccentColor;
				CODE_SIGN_STYLE = Automatic;
				COMBINE_HIDPI_IMAGES = YES;
				CURRENT_PROJECT_VERSION = 1;
				DEVELOPMENT_TEAM = XBBW4HGHAD;
				ENABLE_APP_SANDBOX = NO;
				ENABLE_FILE_ACCESS_DOWNLOADS_FOLDER = readwrite;
				ENABLE_HARDENED_RUNTIME = YES;
				ENABLE_INCOMING_NETWORK_CONNECTIONS = YES;
				ENABLE_PREVIEWS = YES;
				ENABLE_USER_SELECTED_FILES = readonly;
				GENERATE_INFOPLIST_FILE = YES;
				INFOPLIST_FILE = DailyWall/Info.plist;
				INFOPLIST_KEY_LSApplicationCategoryType = "public.app-category.utilities";
				INFOPLIST_KEY_NSHumanReadableCopyright = "";
				INFOPLIST_KEY_NSLocalNetworkUsageDescription = "DailyWall needs to download wallpapers from the internet";
				LD_RUNPATH_SEARCH_PATHS = (
					"$(inherited)",
					"@executable_path/../Frameworks",
				);
				MARKETING_VERSION = 1.4.0;
				PRODUCT_BUNDLE_IDENTIFIER = com.mattkje.DailyWall;
				PRODUCT_NAME = "$(TARGET_NAME)";
				REGISTER_APP_GROUPS = YES;
				STRING_CATALOG_GENERATE_SYMBOLS = YES;
				SWIFT_APPROACHABLE_CONCURRENCY = YES;
				SWIFT_DEFAULT_ACTOR_ISOLATION = MainActor;
				SWIFT_EMIT_LOC_STRINGS = YES;
				SWIFT_UPCOMING_FEATURE_MEMBER_IMPORT_VISIBILITY = YES;
				SWIFT_VERSION = 5.0;
			};
			name = Release;
		};
		1017B5B72F5AA98B00BAFB1A /* Debug */ = {
			isa = XCBuildConfiguration;
			buildSettings = {
				BUNDLE_LOADER = "$(TEST_HOST)";
				CODE_SIGN_STYLE = Automatic;
				CURRENT_PROJECT_VERSION = 1;
				DEVELOPMENT_TEAM = XBBW4HGHAD;
				GENERATE_INFOPLIST_FILE = YES;
				MACOSX_DEPLOYMENT_TARGET = 26.2;
				MARKETING_VERSION = 1.0;
				PRODUCT_BUNDLE_IDENTIFIER = com.mattkje.DailyWallTests;
				PRODUCT_NAME = "$(TARGET_NAME)";
				STRING_CATALOG_GENERATE_SYMBOLS = NO;
				SWIFT_APPROACHABLE_CONCURRENCY = YES;
				SWIFT_EMIT_LOC_STRINGS = NO;
				SWIFT_UPCOMING_FEATURE_MEMBER_IMPORT_VISIBILITY = YES;
				SWIFT_VERSION = 5.0;
				TEST_HOST = "$(BUILT_PRODUCTS_DIR)/DailyWall.app/$(BUNDLE_EXECUTABLE_FOLDER_PATH)/DailyWall";
			};
			name = Debug;
		};
		1017B5B82F5AA98B00BAFB1A /* Release */ = {
			isa = XCBuildConfiguration;
			buildSettings = {
				BUNDLE_LOADER = "$(TEST_HOST)";
				CODE_SIGN_STYLE = Automatic;
				CURRENT_PROJECT_VERSION = 1;
				DEVELOPMENT_TEAM = XBBW4HGHAD;
				GENERATE_INFOPLIST_FILE = YES;
				MACOSX_DEPLOYMENT_TARGET = 26.2;
				MARKETING_VERSION = 1.0;
				PRODUCT_BUNDLE_IDENTIFIER = com.mattkje.DailyWallTests;
				PRODUCT_NAME = "$(TARGET_NAME)";
				STRING_CATALOG_GENERATE_SYMBOLS = NO;
				SWIFT_APPROACHABLE_CONCURRENCY = YES;
				SWIFT_EMIT_LOC_STRINGS = NO;
				SWIFT_UPCOMING_FEATURE_MEMBER_IMPORT_VISIBILITY = YES;
				SWIFT_VERSION = 5.0;
				TEST_HOST = "$(BUILT_PRODUCTS_DIR)/DailyWall.app/$(BUNDLE_EXECUTABLE_FOLDER_PATH)/DailyWall";
			};
			name = Release;
		};
		1017B5BA2F5AA98B00BAFB1A /* Debug */ = {
			isa = XCBuildConfiguration;
			buildSettings = {
				CODE_SIGN_STYLE = Automatic;
				CURRENT_PROJECT_VERSION = 1;
				DEVELOPMENT_TEAM = XBBW4HGHAD;
				GENERATE_INFOPLIST_FILE = YES;
				MARKETING_VERSION = 1.0;
				PRODUCT_BUNDLE_IDENTIFIER = com.mattkje.DailyWallUITests;
				PRODUCT_NAME = "$(TARGET_NAME)";
				STRING_CATALOG_GENERATE_SYMBOLS = NO;
				SWIFT_APPROACHABLE_CONCURRENCY = YES;
				SWIFT_EMIT_LOC_STRINGS = NO;
				SWIFT_UPCOMING_FEATURE_MEMBER_IMPORT_VISIBILITY = YES;
				SWIFT_VERSION = 5.0;
				TEST_TARGET_NAME = DailyWall;
			};
			name = Debug;
		};
		1017B5BB2F5AA98B00BAFB1A /* Release */ = {
			isa = XCBuildConfiguration;
			buildSettings = {
				CODE_SIGN_STYLE = Automatic;
				CURRENT_PROJECT_VERSION = 1;
				DEVELOPMENT_TEAM = XBBW4HGHAD;
				GENERATE_INFOPLIST_FILE = YES;
				MARKETING_VERSION = 1.0;
				PRODUCT_BUNDLE_IDENTIFIER = com.mattkje.DailyWallUITests;
				PRODUCT_NAME = "$(TARGET_NAME)";
				STRING_CATALOG_GENERATE_SYMBOLS = NO;
				SWIFT_APPROACHABLE_CONCURRENCY = YES;
				SWIFT_EMIT_LOC_STRINGS = NO;
				SWIFT_UPCOMING_FEATURE_MEMBER_IMPORT_VISIBILITY = YES;
				SWIFT_VERSION = 5.0;
				TEST_TARGET_NAME = DailyWall;
			};
			name = Release;
		};
/* End XCBuildConfiguration section */

/* Begin XCConfigurationList section */
		1017B58B2F5AA98A00BAFB1A /* Build configuration list for PBXProject "DailyWall" */ = {
			isa = XCConfigurationList;
			buildConfigurations = (
				1017B5B12F5AA98B00BAFB1A /* Debug */,
				1017B5B22F5AA98B00BAFB1A /* Release */,
			);
			defaultConfigurationIsVisible = 0;
			defaultConfigurationName = Release;
		};
		1017B5B32F5AA98B00BAFB1A /* Build configuration list for PBXNativeTarget "DailyWall" */ = {
			isa = XCConfigurationList;
			buildConfigurations = (
				1017B5B42F5AA98B00BAFB1A /* Debug */,
				1017B5B52F5AA98B00BAFB1A /* Release */,
			);
			defaultConfigurationIsVisible = 0;
			defaultConfigurationName = Release;
		};
		1017B5B62F5AA98B00BAFB1A /* Build configuration list for PBXNativeTarget "DailyWallTests" */ = {
			isa = XCConfigurationList;
			buildConfigurations = (
				1017B5B72F5AA98B00BAFB1A /* Debug */,
				1017B5B82F5AA98B00BAFB1A /* Release */,
			);
			defaultConfigurationIsVisible = 0;
			defaultConfigurationName = Release;
		};
		1017B5B92F5AA98B00BAFB1A /* Build configuration list for PBXNativeTarget "DailyWallUITests" */ = {
			isa = XCConfigurationList;
			buildConfigurations = (
				1017B5BA2F5AA98B00BAFB1A /* Debug */,
				1017B5BB2F5AA98B00BAFB1A /* Release */,
			);
			defaultConfigurationIsVisible = 0;
			defaultConfigurationName = Release;
		};
/* End XCConfigurationList section */
	};
	rootObject = 1017B5882F5AA98A00BAFB1A /* Project object */;
}
